Microsoft Visual Studio Solution File, Format Version 12.00
# Visual Studio Version 18
VisualStudioVersion = 18.3.11312.210
MinimumVisualStudioVersion = 10.0.40219.1
Project("{FAE04EC0-301F-11D3-BF4B-00C04F79EFBC}") = "Processor.Agent.Intake", "Processor.Agent.Intake.csproj", "{EB0D8C57-0429-D71C-840C-C6CB1ACF2B0D}"
EndProject
Project("{FAE04EC0-301F-11D3-BF4B-00C04F79EFBC}") = "Processor.Agent.Data", "..\data\Processor.Agent.Data.csproj", "{42CC9E08-F581-BCF6-F1B3-6007C8AF78CD}"
EndProject
Global
	GlobalSection(SolutionConfigurationPlatforms) = preSolution
		Debug|Any CPU = Debug|Any CPU
		Release|Any CPU = Release|Any CPU
	EndGlobalSection
	GlobalSection(ProjectConfigurationPlatforms) = postSolution
		{EB0D8C57-0429-D71C-840C-C6CB1ACF2B0D}.Debug|Any CPU.ActiveCfg = Debug|Any CPU
		{EB0D8C57-0429-D71C-840C-C6CB1ACF2B0D}.Debug|Any CPU.Build.0 = Debug|Any CPU
		{EB0D8C57-0429-D71C-840C-C6CB1ACF2B0D}.Release|Any CPU.ActiveCfg = Release|Any CPU
		{EB0D8C57-0429-D71C-840C-C6CB1ACF2B0D}.Release|Any CPU.Build.0 = Release|Any CPU
		{42CC9E08-F581-BCF6-F1B3-6007C8AF78CD}.Debug|Any CPU.ActiveCfg = Debug|Any CPU
		{42CC9E08-F581-BCF6-F1B3-6007C8AF78CD}.Debug|Any CPU.Build.0 = Debug|Any CPU
		{42CC9E08-F581-BCF6-F1B3-6007C8AF78CD}.Release|Any CPU.ActiveCfg = Release|Any CPU
		{42CC9E08-F581-BCF6-F1B3-6007C8AF78CD}.Release|Any CPU.Build.0 = Release|Any CPU
	EndGlobalSection
	GlobalSection(SolutionProperties) = preSolution
		HideSolutionNode = FALSE
	EndGlobalSection
	GlobalSection(ExtensibilityGlobals) = postSolution
		SolutionGuid = {74BF160C-1693-4063-90E1-A0C366779691}
	EndGlobalSection
EndGlobal
